
Microsoft Visual Studio Solution File, Format Version 12.00
# Visual Studio Version 16
VisualStudioVersion = 16.0.29509.3
MinimumVisualStudioVersion = 10.0.40219.1
Project("{8BC9CEB8-8B4A-11D0-8D11-00A0C91BC942}") = "19127422_B1", "19127422\19127422.vcxproj", "{882DDF0A-334E-415D-A01A-87B8EF12300C}"
EndProject
Project("{8BC9CEB8-8B4A-11D0-8D11-00A0C91BC942}") = "19127422_B2", "19127422_B2\19127422_B2.vcxproj", "{16BC5DF5-34F9-4F38-B737-406E1C049FFE}"
EndProject
Project("{8BC9CEB8-8B4A-11D0-8D11-00A0C91BC942}") = "19127422_B3", "19127422_B3\19127422_B3.vcxproj", "{76151504-8C73-4AC4-8284-68459BE4347E}"
EndProject
Project("{8BC9CEB8-8B4A-11D0-8D11-00A0C91BC942}") = "1927422_B4", "1927422_B4\1927422_B4.vcxproj", "{42A591E1-EB58-4592-8E72-22F7DBCD502D}"
EndProject
Project("{8BC9CEB8-8B4A-11D0-8D11-00A0C91BC942}") = "19127422_B5", "19127422_B5\19127422_B5.vcxproj", "{D1C52711-D545-4474-AA97-0DD1E0213CAE}"
EndProject
Project("{8BC9CEB8-8B4A-11D0-8D11-00A0C91BC942}") = "19127422_B6", "19127422_B6\19127422_B6.vcxproj", "{9A1645BA-E283-44B8-B401-338ECBCC31F5}"
EndProject
Global
	GlobalSection(SolutionConfigurationPlatforms) = preSolution
		Debug|x64 = Debug|x64
		Debug|x86 = Debug|x86
		Release|x64 = Release|x64
		Release|x86 = Release|x86
	EndGlobalSection
	GlobalSection(ProjectConfigurationPlatforms) = postSolution
		{882DDF0A-334E-415D-A01A-87B8EF12300C}.Debug|x64.ActiveCfg = Debug|x64
		{882DDF0A-334E-415D-A01A-87B8EF12300C}.Debug|x64.Build.0 = Debug|x64
		{882DDF0A-334E-415D-A01A-87B8EF12300C}.Debug|x86.ActiveCfg = Debug|Win32
		{882DDF0A-334E-415D-A01A-87B8EF12300C}.Debug|x86.Build.0 = Debug|Win32
		{882DDF0A-334E-415D-A01A-87B8EF12300C}.Release|x64.ActiveCfg = Release|x64
		{882DDF0A-334E-415D-A01A-87B8EF12300C}.Release|x64.Build.0 = Release|x64
		{882DDF0A-334E-415D-A01A-87B8EF12300C}.Release|x86.ActiveCfg = Release|Win32
		{882DDF0A-334E-415D-A01A-87B8EF12300C}.Release|x86.Build.0 = Release|Win32
		{16BC5DF5-34F9-4F38-B737-406E1C049FFE}.Debug|x64.ActiveCfg = Debug|x64
		{16BC5DF5-34F9-4F38-B737-406E1C049FFE}.Debug|x64.Build.0 = Debug|x64
		{16BC5DF5-34F9-4F38-B737-406E1C049FFE}.Debug|x86.ActiveCfg = Debug|Win32
		{16BC5DF5-34F9-4F38-B737-406E1C049FFE}.Debug|x86.Build.0 = Debug|Win32
		{16BC5DF5-34F9-4F38-B737-406E1C049FFE}.Release|x64.ActiveCfg = Release|x64
		{16BC5DF5-34F9-4F38-B737-406E1C049FFE}.Release|x64.Build.0 = Release|x64
		{16BC5DF5-34F9-4F38-B737-406E1C049FFE}.Release|x86.ActiveCfg = Release|Win32
		{16BC5DF5-34F9-4F38-B737-406E1C049FFE}.Release|x86.Build.0 = Release|Win32
		{76151504-8C73-4AC4-8284-68459BE4347E}.Debug|x64.ActiveCfg = Debug|x64
		{76151504-8C73-4AC4-8284-68459BE4347E}.Debug|x64.Build.0 = Debug|x64
		{76151504-8C73-4AC4-8284-68459BE4347E}.Debug|x86.ActiveCfg = Debug|Win32
		{76151504-8C73-4AC4-8284-68459BE4347E}.Debug|x86.Build.0 = Debug|Win32
		{76151504-8C73-4AC4-8284-68459BE4347E}.Release|x64.ActiveCfg = Release|x64
		{76151504-8C73-4AC4-8284-68459BE4347E}.Release|x64.Build.0 = Release|x64
		{76151504-8C73-4AC4-8284-68459BE4347E}.Release|x86.ActiveCfg = Release|Win32
		{76151504-8C73-4AC4-8284-68459BE4347E}.Release|x86.Build.0 = Release|Win32
		{42A591E1-EB58-4592-8E72-22F7DBCD502D}.Debug|x64.ActiveCfg = Debug|x64
		{42A591E1-EB58-4592-8E72-22F7DBCD502D}.Debug|x64.Build.0 = Debug|x64
		{42A591E1-EB58-4592-8E72-22F7DBCD502D}.Debug|x86.ActiveCfg = Debug|Win32
		{42A591E1-EB58-4592-8E72-22F7DBCD502D}.Debug|x86.Build.0 = Debug|Win32
		{42A591E1-EB58-4592-8E72-22F7DBCD502D}.Release|x64.ActiveCfg = Release|x64
		{42A591E1-EB58-4592-8E72-22F7DBCD502D}.Release|x64.Build.0 = Release|x64
		{42A591E1-EB58-4592-8E72-22F7DBCD502D}.Release|x86.ActiveCfg = Release|Win32
		{42A591E1-EB58-4592-8E72-22F7DBCD502D}.Release|x86.Build.0 = Release|Win32
		{D1C52711-D545-4474-AA97-0DD1E0213CAE}.Debug|x64.ActiveCfg = Debug|x64
		{D1C52711-D545-4474-AA97-0DD1E0213CAE}.Debug|x64.Build.0 = Debug|x64
		{D1C52711-D545-4474-AA97-0DD1E0213CAE}.Debug|x86.ActiveCfg = Debug|Win32
		{D1C52711-D545-4474-AA97-0DD1E0213CAE}.Debug|x86.Build.0 = Debug|Win32
		{D1C52711-D545-4474-AA97-0DD1E0213CAE}.Release|x64.ActiveCfg = Release|x64
		{D1C52711-D545-4474-AA97-0DD1E0213CAE}.Release|x64.Build.0 = Release|x64
		{D1C52711-D545-4474-AA97-0DD1E0213CAE}.Release|x86.ActiveCfg = Release|Win32
		{D1C52711-D545-4474-AA97-0DD1E0213CAE}.Release|x86.Build.0 = Release|Win32
		{9A1645BA-E283-44B8-B401-338ECBCC31F5}.Debug|x64.ActiveCfg = Debug|x64
		{9A1645BA-E283-44B8-B401-338ECBCC31F5}.Debug|x64.Build.0 = Debug|x64
		{9A1645BA-E283-44B8-B401-338ECBCC31F5}.Debug|x86.ActiveCfg = Debug|Win32
		{9A1645BA-E283-44B8-B401-338ECBCC31F5}.Debug|x86.Build.0 = Debug|Win32
		{9A1645BA-E283-44B8-B401-338ECBCC31F5}.Release|x64.ActiveCfg = Release|x64
		{9A1645BA-E283-44B8-B401-338ECBCC31F5}.Release|x64.Build.0 = Release|x64
		{9A1645BA-E283-44B8-B401-338ECBCC31F5}.Release|x86.ActiveCfg = Release|Win32
		{9A1645BA-E283-44B8-B401-338ECBCC31F5}.Release|x86.Build.0 = Release|Win32
	EndGlobalSection
	GlobalSection(SolutionProperties) = preSolution
		HideSolutionNode = FALSE
	EndGlobalSection
	GlobalSection(ExtensibilityGlobals) = postSolution
		SolutionGuid = {A25F4F55-3D17-408F-85C4-AE11B261E0EB}
	EndGlobalSection
EndGlobal
